<?xml version="1.0" encoding="utf-8"?>
<Project ToolsVersion="4.0" xmlns="http://schemas.microsoft.com/developer/msbuild/2003">
  <ItemGroup>
    <Filter Include="Resource Files">
      <UniqueIdentifier>{67DA6AB6-F800-4c08-8B7A-83BB121AAD01}</UniqueIdentifier>
      <Extensions>rc;ico;cur;bmp;dlg;rc2;rct;bin;rgs;gif;jpg;jpeg;jpe;resx;tiff;tif;png;wav;mfcribbon-ms</Extensions>
    </Filter>
    <Filter Include="SDK">
      <UniqueIdentifier>{b93d72ca-999e-4d70-864a-c388d053d2d3}</UniqueIdentifier>
    </Filter>
  </ItemGroup>
  <ItemGroup>
    <ClCompile Include="..\include\SDK\amxplugin.cpp">
      <Filter>SDK</Filter>
    </ClCompile>
    <ClCompile Include="callback.cpp" />
    <ClCompile Include="main.cpp" />
    <ClCompile Include="natives.cpp" />
    <ClCompile Include="pbkdf2.cpp" />
    <ClCompile Include="plugin.cpp" />
    <ClCompile Include="utility.cpp" />
  </ItemGroup>
  <ItemGroup>
    <ClInclude Include="callback.h" />
    <ClInclude Include="main.h" />
    <ClInclude Include="natives.h" />
    <ClInclude Include="pbkdf2.h" />
    <ClInclude Include="plugin.h" />
    <ClInclude Include="utility.h" />
  </ItemGroup>
  <ItemGroup>
    <None Include="hash.def">
      <Filter>Resource Files</Filter>
    </None>
  </ItemGroup>
</Project>